// !$*UTF8*$!
{
	archiveVersion = 1;
	classes = {
	};
	objectVersion = 56;
	objects = {

/* Begin PBXBuildFile section */
		F610604F2C03260900F67949 /* KnockedCount.swift in Sources */ = {isa = PBXBuildFile; fileRef = F610604E2C03260900F67949 /* KnockedCount.swift */; };
		F66891D82BFC3AE400BE194A /* BoxingMayhemApp.swift in Sources */ = {isa = PBXBuildFile; fileRef = F66891D72BFC3AE400BE194A /* BoxingMayhemApp.swift */; };
		F66891DA2BFC3AE400BE194A /* ContentView.swift in Sources */ = {isa = PBXBuildFile; fileRef = F66891D92BFC3AE400BE194A /* ContentView.swift */; };
		F66891DC2BFC3AE600BE194A /* Assets.xcassets in Resources */ = {isa = PBXBuildFile; fileRef = F66891DB2BFC3AE600BE194A /* Assets.xcassets */; };
		F66891DF2BFC3AE600BE194A /* Preview Assets.xcassets in Resources */ = {isa = PBXBuildFile; fileRef = F66891DE2BFC3AE600BE194A /* Preview Assets.xcassets */; };
		F66891E82BFC3BA600BE194A /* BoxingHand Refined.mlpackage in Sources */ = {isa = PBXBuildFile; fileRef = F66891E72BFC3BA600BE194A /* BoxingHand Refined.mlpackage */; };
		F66891EA2BFC435300BE194A /* ViewController.swift in Sources */ = {isa = PBXBuildFile; fileRef = F66891E92BFC435300BE194A /* ViewController.swift */; };
		F66891EC2BFC43E700BE194A /* VideoCapture.swift in Sources */ = {isa = PBXBuildFile; fileRef = F66891EB2BFC43E700BE194A /* VideoCapture.swift */; };
		F66891EE2BFCF0C300BE194A /* Predictor.swift in Sources */ = {isa = PBXBuildFile; fileRef = F66891ED2BFCF0C300BE194A /* Predictor.swift */; };
		F66891F12BFDE5EA00BE194A /* Character.swift in Sources */ = {isa = PBXBuildFile; fileRef = F66891F02BFDE5EA00BE194A /* Character.swift */; };
		F66891F72C01B92D00BE194A /* Device.swift in Sources */ = {isa = PBXBuildFile; fileRef = F66891F62C01B92D00BE194A /* Device.swift */; };
		F66891F92C02263B00BE194A /* GameService.swift in Sources */ = {isa = PBXBuildFile; fileRef = F66891F82C02263B00BE194A /* GameService.swift */; };
/* End PBXBuildFile section */

/* Begin PBXFileReference section */
		F610604E2C03260900F67949 /* KnockedCount.swift */ = {isa = PBXFileReference; lastKnownFileType = sourcecode.swift; path = KnockedCount.swift; sourceTree = "<group>"; };
		F66891D42BFC3AE400BE194A /* BoxingMayhem.app */ = {isa = PBXFileReference; explicitFileType = wrapper.application; includeInIndex = 0; path = BoxingMayhem.app; sourceTree = BUILT_PRODUCTS_DIR; };
		F66891D72BFC3AE400BE194A /* BoxingMayhemApp.swift */ = {isa = PBXFileReference; lastKnownFileType = sourcecode.swift; path = BoxingMayhemApp.swift; sourceTree = "<group>"; };
		F66891D92BFC3AE400BE194A /* ContentView.swift */ = {isa = PBXFileReference; lastKnownFileType = sourcecode.swift; path = ContentView.swift; sourceTree = "<group>"; };
		F66891DB2BFC3AE600BE194A /* Assets.xcassets */ = {isa = PBXFileReference; lastKnownFileType = folder.assetcatalog; path = Assets.xcassets; sourceTree = "<group>"; };
		F66891DE2BFC3AE600BE194A /* Preview Assets.xcassets */ = {isa = PBXFileReference; lastKnownFileType = folder.assetcatalog; path = "Preview Assets.xcassets"; sourceTree = "<group>"; };
		F66891E72BFC3BA600BE194A /* BoxingHand Refined.mlpackage */ = {isa = PBXFileReference; lastKnownFileType = folder.mlpackage; name = "BoxingHand Refined.mlpackage"; path = "../../../../work/apple-dev/BoxingHand Refined.mlpackage"; sourceTree = "<group>"; };
		F66891E92BFC435300BE194A /* ViewController.swift */ = {isa = PBXFileReference; lastKnownFileType = sourcecode.swift; path = ViewController.swift; sourceTree = "<group>"; };
		F66891EB2BFC43E700BE194A /* VideoCapture.swift */ = {isa = PBXFileReference; lastKnownFileType = sourcecode.swift; path = VideoCapture.swift; sourceTree = "<group>"; };
		F66891ED2BFCF0C300BE194A /* Predictor.swift */ = {isa = PBXFileReference; lastKnownFileType = sourcecode.swift; path = Predictor.swift; sourceTree = "<group>"; };
		F66891F02BFDE5EA00BE194A /* Character.swift */ = {isa = PBXFileReference; lastKnownFileType = sourcecode.swift; path = Character.swift; sourceTree = "<group>"; };
		F66891F62C01B92D00BE194A /* Device.swift */ = {isa = PBXFileReference; lastKnownFileType = sourcecode.swift; path = Device.swift; sourceTree = "<group>"; };
		F66891F82C02263B00BE194A /* GameService.swift */ = {isa = PBXFileReference; lastKnownFileType = sourcecode.swift; path = GameService.swift; sourceTree = "<group>"; };
/* End PBXFileReference section */

/* Begin PBXFrameworksBuildPhase section */
		F66891D12BFC3AE400BE194A /* Frameworks */ = {
			isa = PBXFrameworksBuildPhase;
			buildActionMask = 2147483647;
			files = (
			);
			runOnlyForDeploymentPostprocessing = 0;
		};
/* End PBXFrameworksBuildPhase section */

/* Begin PBXGroup section */
		F66891CB2BFC3AE400BE194A = {
			isa = PBXGroup;
			children = (
				F66891D62BFC3AE400BE194A /* BoxingMayhem */,
				F66891D52BFC3AE400BE194A /* Products */,
			);
			sourceTree = "<group>";
		};
		F66891D52BFC3AE400BE194A /* Products */ = {
			isa = PBXGroup;
			children = (
				F66891D42BFC3AE400BE194A /* BoxingMayhem.app */,
			);
			name = Products;
			sourceTree = "<group>";
		};
		F66891D62BFC3AE400BE194A /* BoxingMayhem */ = {
			isa = PBXGroup;
			children = (
				F66891F52C01AC2D00BE194A /* Views */,
				F66891F22C01AC0E00BE194A /* Models */,
				F66891EF2BFDE5D300BE194A /* Components */,
				F66891E72BFC3BA600BE194A /* BoxingHand Refined.mlpackage */,
				F66891D72BFC3AE400BE194A /* BoxingMayhemApp.swift */,
				F66891E92BFC435300BE194A /* ViewController.swift */,
				F66891D92BFC3AE400BE194A /* ContentView.swift */,
				F66891DB2BFC3AE600BE194A /* Assets.xcassets */,
				F66891DD2BFC3AE600BE194A /* Preview Content */,
				F66891EB2BFC43E700BE194A /* VideoCapture.swift */,
				F66891ED2BFCF0C300BE194A /* Predictor.swift */,
			);
			path = BoxingMayhem;
			sourceTree = "<group>";
		};
		F66891DD2BFC3AE600BE194A /* Preview Content */ = {
			isa = PBXGroup;
			children = (
				F66891DE2BFC3AE600BE194A /* Preview Assets.xcassets */,
			);
			path = "Preview Content";
			sourceTree = "<group>";
		};
		F66891EF2BFDE5D300BE194A /* Components */ = {
			isa = PBXGroup;
			children = (
				F66891F02BFDE5EA00BE194A /* Character.swift */,
				F610604E2C03260900F67949 /* KnockedCount.swift */,
			);
			path = Components;
			sourceTree = "<group>";
		};
		F66891F22C01AC0E00BE194A /* Models */ = {
			isa = PBXGroup;
			children = (
				F66891F62C01B92D00BE194A /* Device.swift */,
				F66891F82C02263B00BE194A /* GameService.swift */,
			);
			path = Models;
			sourceTree = "<group>";
		};
		F66891F52C01AC2D00BE194A /* Views */ = {
			isa = PBXGroup;
			children = (
			);
			path = Views;
			sourceTree = "<group>";
		};
/* End PBXGroup section */

/* Begin PBXNativeTarget section */
		F66891D32BFC3AE400BE194A /* BoxingMayhem */ = {
			isa = PBXNativeTarget;
			buildConfigurationList = F66891E22BFC3AE600BE194A /* Build configuration list for PBXNativeTarget "BoxingMayhem" */;
			buildPhases = (
				F66891D02BFC3AE400BE194A /* Sources */,
				F66891D12BFC3AE400BE194A /* Frameworks */,
				F66891D22BFC3AE400BE194A /* Resources */,
			);
			buildRules = (
			);
			dependencies = (
			);
			name = BoxingMayhem;
			productName = BoxingMayhem;
			productReference = F66891D42BFC3AE400BE194A /* BoxingMayhem.app */;
			productType = "com.apple.product-type.application";
		};
/* End PBXNativeTarget section */

/* Begin PBXProject section */
		F66891CC2BFC3AE400BE194A /* Project object */ = {
			isa = PBXProject;
			attributes = {
				BuildIndependentTargetsInParallel = 1;
				LastSwiftUpdateCheck = 1530;
				LastUpgradeCheck = 1530;
				TargetAttributes = {
					F66891D32BFC3AE400BE194A = {
						CreatedOnToolsVersion = 15.3;
					};
				};
			};
			buildConfigurationList = F66891CF2BFC3AE400BE194A /* Build configuration list for PBXProject "BoxingMayhem" */;
			compatibilityVersion = "Xcode 14.0";
			developmentRegion = en;
			hasScannedForEncodings = 0;
			knownRegions = (
				en,
				Base,
			);
			mainGroup = F66891CB2BFC3AE400BE194A;
			productRefGroup = F66891D52BFC3AE400BE194A /* Products */;
			projectDirPath = "";
			projectRoot = "";
			targets = (
				F66891D32BFC3AE400BE194A /* BoxingMayhem */,
			);
		};
/* End PBXProject section */

/* Begin PBXResourcesBuildPhase section */
		F66891D22BFC3AE400BE194A /* Resources */ = {
			isa = PBXResourcesBuildPhase;
			buildActionMask = 2147483647;
			files = (
				F66891DF2BFC3AE600BE194A /* Preview Assets.xcassets in Resources */,
				F66891DC2BFC3AE600BE194A /* Assets.xcassets in Resources */,
			);
			runOnlyForDeploymentPostprocessing = 0;
		};
/* End PBXResourcesBuildPhase section */

/* Begin PBXSourcesBuildPhase section */
		F66891D02BFC3AE400BE194A /* Sources */ = {
			isa = PBXSourcesBuildPhase;
			buildActionMask = 2147483647;
			files = (
				F66891DA2BFC3AE400BE194A /* ContentView.swift in Sources */,
				F66891EC2BFC43E700BE194A /* VideoCapture.swift in Sources */,
				F66891F92C02263B00BE194A /* GameService.swift in Sources */,
				F610604F2C03260900F67949 /* KnockedCount.swift in Sources */,
				F66891E82BFC3BA600BE194A /* BoxingHand Refined.mlpackage in Sources */,
				F66891EA2BFC435300BE194A /* ViewController.swift in Sources */,
				F66891F12BFDE5EA00BE194A /* Character.swift in Sources */,
				F66891EE2BFCF0C300BE194A /* Predictor.swift in Sources */,
				F66891D82BFC3AE400BE194A /* BoxingMayhemApp.swift in Sources */,
				F66891F72C01B92D00BE194A /* Device.swift in Sources */,
			);
			runOnlyForDeploymentPostprocessing = 0;
		};
/* End PBXSourcesBuildPhase section */

/* Begin XCBuildConfiguration section */
		F66891E02BFC3AE600BE194A /* Debug */ = {
			isa = XCBuildConfiguration;
			buildSettings = {
				ALWAYS_SEARCH_USER_PATHS = NO;
				ASSETCATALOG_COMPILER_GENERATE_SWIFT_ASSET_SYMBOL_EXTENSIONS = YES;
				CLANG_ANALYZER_NONNULL = YES;
				CLANG_ANALYZER_NUMBER_OBJECT_CONVERSION = YES_AGGRESSIVE;
				CLANG_CXX_LANGUAGE_STANDARD = "gnu++20";
				CLANG_ENABLE_MODULES = YES;
				CLANG_ENABLE_OBJC_ARC = YES;
				CLANG_ENABLE_OBJC_WEAK = YES;
				CLANG_WARN_BLOCK_CAPTURE_AUTORELEASING = YES;
				CLANG_WARN_BOOL_CONVERSION = YES;
				CLANG_WARN_COMMA = YES;
				CLANG_WARN_CONSTANT_CONVERSION = YES;
				CLANG_WARN_DEPRECATED_OBJC_IMPLEMENTATIONS = YES;
				CLANG_WARN_DIRECT_OBJC_ISA_USAGE = YES_ERROR;
				CLANG_WARN_DOCUMENTATION_COMMENTS = YES;
				CLANG_WARN_EMPTY_BODY = YES;
				CLANG_WARN_ENUM_CONVERSION = YES;
				CLANG_WARN_INFINITE_RECURSION = YES;
				CLANG_WARN_INT_CONVERSION = YES;
				CLANG_WARN_NON_LITERAL_NULL_CONVERSION = YES;
				CLANG_WARN_OBJC_IMPLICIT_RETAIN_SELF = YES;
				CLANG_WARN_OBJC_LITERAL_CONVERSION = YES;
				CLANG_WARN_OBJC_ROOT_CLASS = YES_ERROR;
				CLANG_WARN_QUOTED_INCLUDE_IN_FRAMEWORK_HEADER = YES;
				CLANG_WARN_RANGE_LOOP_ANALYSIS = YES;
				CLANG_WARN_STRICT_PROTOTYPES = YES;
				CLANG_WARN_SUSPICIOUS_MOVE = YES;
				CLANG_WARN_UNGUARDED_AVAILABILITY = YES_AGGRESSIVE;
				CLANG_WARN_UNREACHABLE_CODE = YES;
				CLANG_WARN__DUPLICATE_METHOD_MATCH = YES;
				COPY_PHASE_STRIP = NO;
				DEBUG_INFORMATION_FORMAT = dwarf;
				ENABLE_STRICT_OBJC_MSGSEND = YES;
				ENABLE_TESTABILITY = YES;
				ENABLE_USER_SCRIPT_SANDBOXING = YES;
				GCC_C_LANGUAGE_STANDARD = gnu17;
				GCC_DYNAMIC_NO_PIC = NO;
				GCC_NO_COMMON_BLOCKS = YES;
				GCC_OPTIMIZATION_LEVEL = 0;
				GCC_PREPROCESSOR_DEFINITIONS = (
					"DEBUG=1",
					"$(inherited)",
				);
				GCC_WARN_64_TO_32_BIT_CONVERSION = YES;
				GCC_WARN_ABOUT_RETURN_TYPE = YES_ERROR;
				GCC_WARN_UNDECLARED_SELECTOR = YES;
				GCC_WARN_UNINITIALIZED_AUTOS = YES_AGGRESSIVE;
				GCC_WARN_UNUSED_FUNCTION = YES;
				GCC_WARN_UNUSED_VARIABLE = YES;
				IPHONEOS_DEPLOYMENT_TARGET = 17.4;
				LOCALIZATION_PREFERS_STRING_CATALOGS = YES;
				MTL_ENABLE_DEBUG_INFO = INCLUDE_SOURCE;
				MTL_FAST_MATH = YES;
				ONLY_ACTIVE_ARCH = YES;
				SDKROOT = iphoneos;
				SWIFT_ACTIVE_COMPILATION_CONDITIONS = "DEBUG $(inherited)";
				SWIFT_OPTIMIZATION_LEVEL = "-Onone";
			};
			name = Debug;
		};
		F66891E12BFC3AE600BE194A /* Release */ = {
			isa = XCBuildConfiguration;
			buildSettings = {
				ALWAYS_SEARCH_USER_PATHS = NO;
				ASSETCATALOG_COMPILER_GENERATE_SWIFT_ASSET_SYMBOL_EXTENSIONS = YES;
				CLANG_ANALYZER_NONNULL = YES;
				CLANG_ANALYZER_NUMBER_OBJECT_CONVERSION = YES_AGGRESSIVE;
				CLANG_CXX_LANGUAGE_STANDARD = "gnu++20";
				CLANG_ENABLE_MODULES = YES;
				CLANG_ENABLE_OBJC_ARC = YES;
				CLANG_ENABLE_OBJC_WEAK = YES;
				CLANG_WARN_BLOCK_CAPTURE_AUTORELEASING = YES;
				CLANG_WARN_BOOL_CONVERSION = YES;
				CLANG_WARN_COMMA = YES;
				CLANG_WARN_CONSTANT_CONVERSION = YES;
				CLANG_WARN_DEPRECATED_OBJC_IMPLEMENTATIONS = YES;
				CLANG_WARN_DIRECT_OBJC_ISA_USAGE = YES_ERROR;
				CLANG_WARN_DOCUMENTATION_COMMENTS = YES;
				CLANG_WARN_EMPTY_BODY = YES;
				CLANG_WARN_ENUM_CONVERSION = YES;
				CLANG_WARN_INFINITE_RECURSION = YES;
				CLANG_WARN_INT_CONVERSION = YES;
				CLANG_WARN_NON_LITERAL_NULL_CONVERSION = YES;
				CLANG_WARN_OBJC_IMPLICIT_RETAIN_SELF = YES;
				CLANG_WARN_OBJC_LITERAL_CONVERSION = YES;
				CLANG_WARN_OBJC_ROOT_CLASS = YES_ERROR;
				CLANG_WARN_QUOTED_INCLUDE_IN_FRAMEWORK_HEADER = YES;
				CLANG_WARN_RANGE_LOOP_ANALYSIS = YES;
				CLANG_WARN_STRICT_PROTOTYPES = YES;
				CLANG_WARN_SUSPICIOUS_MOVE = YES;
				CLANG_WARN_UNGUARDED_AVAILABILITY = YES_AGGRESSIVE;
				CLANG_WARN_UNREACHABLE_CODE = YES;
				CLANG_WARN__DUPLICATE_METHOD_MATCH = YES;
				COPY_PHASE_STRIP = NO;
				DEBUG_INFORMATION_FORMAT = "dwarf-with-dsym";
				ENABLE_NS_ASSERTIONS = NO;
				ENABLE_STRICT_OBJC_MSGSEND = YES;
				ENABLE_USER_SCRIPT_SANDBOXING = YES;
				GCC_C_LANGUAGE_STANDARD = gnu17;
				GCC_NO_COMMON_BLOCKS = YES;
				GCC_WARN_64_TO_32_BIT_CONVERSION = YES;
				GCC_WARN_ABOUT_RETURN_TYPE = YES_ERROR;
				GCC_WARN_UNDECLARED_SELECTOR = YES;
				GCC_WARN_UNINITIALIZED_AUTOS = YES_AGGRESSIVE;
				GCC_WARN_UNUSED_FUNCTION = YES;
				GCC_WARN_UNUSED_VARIABLE = YES;
				IPHONEOS_DEPLOYMENT_TARGET = 17.4;
				LOCALIZATION_PREFERS_STRING_CATALOGS = YES;
				MTL_ENABLE_DEBUG_INFO = NO;
				MTL_FAST_MATH = YES;
				SDKROOT = iphoneos;
				SWIFT_COMPILATION_MODE = wholemodule;
				VALIDATE_PRODUCT = YES;
			};
			name = Release;
		};
		F66891E32BFC3AE600BE194A /* Debug */ = {
			isa = XCBuildConfiguration;
			buildSettings = {
				ASSETCATALOG_COMPILER_APPICON_NAME = AppIcon;
				ASSETCATALOG_COMPILER_GLOBAL_ACCENT_COLOR_NAME = AccentColor;
				CODE_SIGN_STYLE = Automatic;
				CURRENT_PROJECT_VERSION = 1;
				DEVELOPMENT_ASSET_PATHS = "\"BoxingMayhem/Preview Content\"";
				DEVELOPMENT_TEAM = 49V8Q5W76J;
				ENABLE_PREVIEWS = YES;
				GENERATE_INFOPLIST_FILE = YES;
				INFOPLIST_KEY_NSCameraUsageDescription = "This app would like to use your camera to recognize your boxing movement";
				INFOPLIST_KEY_UIApplicationSceneManifest_Generation = YES;
				INFOPLIST_KEY_UIApplicationSupportsIndirectInputEvents = YES;
				INFOPLIST_KEY_UILaunchScreen_Generation = YES;
				INFOPLIST_KEY_UISupportedInterfaceOrientations = "UIInterfaceOrientationLandscapeLeft UIInterfaceOrientationLandscapeRight UIInterfaceOrientationPortrait";
				INFOPLIST_KEY_UISupportedInterfaceOrientations_iPad = "UIInterfaceOrientationLandscapeLeft UIInterfaceOrientationLandscapeRight UIInterfaceOrientationPortrait UIInterfaceOrientationPortraitUpsideDown";
				LD_RUNPATH_SEARCH_PATHS = (
					"$(inherited)",
					"@executable_path/Frameworks",
				);
				MARKETING_VERSION = 1.0;
				PRODUCT_BUNDLE_IDENTIFIER = test.BoxingMayhem;
				PRODUCT_NAME = "$(TARGET_NAME)";
				SWIFT_EMIT_LOC_STRINGS = YES;
				SWIFT_VERSION = 5.0;
				TARGETED_DEVICE_FAMILY = "1,2";
			};
			name = Debug;
		};
		F66891E42BFC3AE600BE194A /* Release */ = {
			isa = XCBuildConfiguration;
			buildSettings = {
				ASSETCATALOG_COMPILER_APPICON_NAME = AppIcon;
				ASSETCATALOG_COMPILER_GLOBAL_ACCENT_COLOR_NAME = AccentColor;
				CODE_SIGN_STYLE = Automatic;
				CURRENT_PROJECT_VERSION = 1;
				DEVELOPMENT_ASSET_PATHS = "\"BoxingMayhem/Preview Content\"";
				DEVELOPMENT_TEAM = 49V8Q5W76J;
				ENABLE_PREVIEWS = YES;
				GENERATE_INFOPLIST_FILE = YES;
				INFOPLIST_KEY_NSCameraUsageDescription = "This app would like to use your camera to recognize your boxing movement";
				INFOPLIST_KEY_UIApplicationSceneManifest_Generation = YES;
				INFOPLIST_KEY_UIApplicationSupportsIndirectInputEvents = YES;
				INFOPLIST_KEY_UILaunchScreen_Generation = YES;
				INFOPLIST_KEY_UISupportedInterfaceOrientations = "UIInterfaceOrientationLandscapeLeft UIInterfaceOrientationLandscapeRight UIInterfaceOrientationPortrait";
				INFOPLIST_KEY_UISupportedInterfaceOrientations_iPad = "UIInterfaceOrientationLandscapeLeft UIInterfaceOrientationLandscapeRight UIInterfaceOrientationPortrait UIInterfaceOrientationPortraitUpsideDown";
				LD_RUNPATH_SEARCH_PATHS = (
					"$(inherited)",
					"@executable_path/Frameworks",
				);
				MARKETING_VERSION = 1.0;
				PRODUCT_BUNDLE_IDENTIFIER = test.BoxingMayhem;
				PRODUCT_NAME = "$(TARGET_NAME)";
				SWIFT_EMIT_LOC_STRINGS = YES;
				SWIFT_VERSION = 5.0;
				TARGETED_DEVICE_FAMILY = "1,2";
			};
			name = Release;
		};
/* End XCBuildConfiguration section */

/* Begin XCConfigurationList section */
		F66891CF2BFC3AE400BE194A /* Build configuration list for PBXProject "BoxingMayhem" */ = {
			isa = XCConfigurationList;
			buildConfigurations = (
				F66891E02BFC3AE600BE194A /* Debug */,
				F66891E12BFC3AE600BE194A /* Release */,
			);
			defaultConfigurationIsVisible = 0;
			defaultConfigurationName = Release;
		};
		F66891E22BFC3AE600BE194A /* Build configuration list for PBXNativeTarget "BoxingMayhem" */ = {
			isa = XCConfigurationList;
			buildConfigurations = (
				F66891E32BFC3AE600BE194A /* Debug */,
				F66891E42BFC3AE600BE194A /* Release */,
			);
			defaultConfigurationIsVisible = 0;
			defaultConfigurationName = Release;
		};
/* End XCConfigurationList section */
	};
	rootObject = F66891CC2BFC3AE400BE194A /* Project object */;
}
